
Microsoft Visual Studio Solution File, Format Version 12.00
# Visual Studio 14
VisualStudioVersion = 14.0.25123.0
MinimumVisualStudioVersion = 10.0.40219.1
Project("{FAE04EC0-301F-11D3-BF4B-00C04F79EFBC}") = "DynamicConnectivity", "DynamicConnectivity\DynamicConnectivity.csproj", "{16A10831-AE63-4C54-AF72-C588144542D4}"
EndProject
Project("{FAE04EC0-301F-11D3-BF4B-00C04F79EFBC}") = "DynamicConnectivity.Tests", "DynamicConnectivity.Tests\DynamicConnectivity.Tests.csproj", "{85DB8D11-0552-48D3-9EFD-9AE261A0478E}"
EndProject
Global
	GlobalSection(SolutionConfigurationPlatforms) = preSolution
		Debug|Any CPU = Debug|Any CPU
		Release|Any CPU = Release|Any CPU
	EndGlobalSection
	GlobalSection(ProjectConfigurationPlatforms) = postSolution
		{16A10831-AE63-4C54-AF72-C588144542D4}.Debug|Any CPU.ActiveCfg = Debug|Any CPU
		{16A10831-AE63-4C54-AF72-C588144542D4}.Debug|Any CPU.Build.0 = Debug|Any CPU
		{16A10831-AE63-4C54-AF72-C588144542D4}.Release|Any CPU.ActiveCfg = Release|Any CPU
		{16A10831-AE63-4C54-AF72-C588144542D4}.Release|Any CPU.Build.0 = Release|Any CPU
		{85DB8D11-0552-48D3-9EFD-9AE261A0478E}.Debug|Any CPU.ActiveCfg = Debug|Any CPU
		{85DB8D11-0552-48D3-9EFD-9AE261A0478E}.Debug|Any CPU.Build.0 = Debug|Any CPU
		{85DB8D11-0552-48D3-9EFD-9AE261A0478E}.Release|Any CPU.ActiveCfg = Release|Any CPU
		{85DB8D11-0552-48D3-9EFD-9AE261A0478E}.Release|Any CPU.Build.0 = Release|Any CPU
	EndGlobalSection
	GlobalSection(SolutionProperties) = preSolution
		HideSolutionNode = FALSE
	EndGlobalSection
EndGlobal
